// !$*UTF8*$!
{
	archiveVersion = 1;
	classes = {
	};
	objectVersion = 77;
	objects = {

/* Begin PBXContainerItemProxy section */
		D4D31A662E1FFA6F005798DD /* PBXContainerItemProxy */ = {
			isa = PBXContainerItemProxy;
			containerPortal = D4D31A502E1FFA6D005798DD /* Project object */;
			proxyType = 1;
			remoteGlobalIDString = D4D31A572E1FFA6D005798DD;
			remoteInfo = FileKitty;
		};
		D4D31A702E1FFA6F005798DD /* PBXContainerItemProxy */ = {
			isa = PBXContainerItemProxy;
			containerPortal = D4D31A502E1FFA6D005798DD /* Project object */;
			proxyType = 1;
			remoteGlobalIDString = D4D31A572E1FFA6D005798DD;
			remoteInfo = FileKitty;
		};
/* End PBXContainerItemProxy section */

/* Begin PBXFileReference section */
		D4D31A582E1FFA6D005798DD /* FileKitty.app */ = {isa = PBXFileReference; explicitFileType = wrapper.application; includeInIndex = 0; path = FileKitty.app; sourceTree = BUILT_PRODUCTS_DIR; };
		D4D31A652E1FFA6F005798DD /* FileKittyTests.xctest */ = {isa = PBXFileReference; explicitFileType = wrapper.cfbundle; includeInIndex = 0; path = FileKittyTests.xctest; sourceTree = BUILT_PRODUCTS_DIR; };
		D4D31A6F2E1FFA6F005798DD /* FileKittyUITests.xctest */ = {isa = PBXFileReference; explicitFileType = wrapper.cfbundle; includeInIndex = 0; path = FileKittyUITests.xctest; sourceTree = BUILT_PRODUCTS_DIR; };
/* End PBXFileReference section */

/* Begin PBXFileSystemSynchronizedRootGroup section */
		D4D31A5A2E1FFA6D005798DD /* FileKitty */ = {
			isa = PBXFileSystemSynchronizedRootGroup;
			path = FileKitty;
			sourceTree = "<group>";
		};
		D4D31A682E1FFA6F005798DD /* FileKittyTests */ = {
			isa = PBXFileSystemSynchronizedRootGroup;
			path = FileKittyTests;
			sourceTree = "<group>";
		};
		D4D31A722E1FFA6F005798DD /* FileKittyUITests */ = {
			isa = PBXFileSystemSynchronizedRootGroup;
			path = FileKittyUITests;
			sourceTree = "<group>";
		};
/* End PBXFileSystemSynchronizedRootGroup section */

/* Begin PBXFrameworksBuildPhase section */
		D4D31A552E1FFA6D005798DD /* Frameworks */ = {
			isa = PBXFrameworksBuildPhase;
			buildActionMask = 2147483647;
			files = (
			);
			runOnlyForDeploymentPostprocessing = 0;
		};
		D4D31A622E1FFA6F005798DD /* Frameworks */ = {
			isa = PBXFrameworksBuildPhase;
			buildActionMask = 2147483647;
			files = (
			);
			runOnlyForDeploymentPostprocessing = 0;
		};
		D4D31A6C2E1FFA6F005798DD /* Frameworks */ = {
			isa = PBXFrameworksBuildPhase;
			buildActionMask = 2147483647;
			files = (
			);
			runOnlyForDeploymentPostprocessing = 0;
		};
/* End PBXFrameworksBuildPhase section */

/* Begin PBXGroup section */
		D4D31A4F2E1FFA6D005798DD = {
			isa = PBXGroup;
			children = (
				D4D31A5A2E1FFA6D005798DD /* FileKitty */,
				D4D31A682E1FFA6F005798DD /* FileKittyTests */,
				D4D31A722E1FFA6F005798DD /* FileKittyUITests */,
				D4D31A592E1FFA6D005798DD /* Products */,
			);
			sourceTree = "<group>";
		};
		D4D31A592E1FFA6D005798DD /* Products */ = {
			isa = PBXGroup;
			children = (
				D4D31A582E1FFA6D005798DD /* FileKitty.app */,
				D4D31A652E1FFA6F005798DD /* FileKittyTests.xctest */,
				D4D31A6F2E1FFA6F005798DD /* FileKittyUITests.xctest */,
			);
			name = Products;
			sourceTree = "<group>";
		};
/* End PBXGroup section */

/* Begin PBXNativeTarget section */
		D4D31A572E1FFA6D005798DD /* FileKitty */ = {
			isa = PBXNativeTarget;
			buildConfigurationList = D4D31A792E1FFA6F005798DD /* Build configuration list for PBXNativeTarget "FileKitty" */;
			buildPhases = (
				D4D31A542E1FFA6D005798DD /* Sources */,
				D4D31A552E1FFA6D005798DD /* Frameworks */,
				D4D31A562E1FFA6D005798DD /* Resources */,
			);
			buildRules = (
			);
			dependencies = (
			);
			fileSystemSynchronizedGroups = (
				D4D31A5A2E1FFA6D005798DD /* FileKitty */,
			);
			name = FileKitty;
			packageProductDependencies = (
			);
			productName = FileKitty;
			productReference = D4D31A582E1FFA6D005798DD /* FileKitty.app */;
			productType = "com.apple.product-type.application";
		};
		D4D31A642E1FFA6F005798DD /* FileKittyTests */ = {
			isa = PBXNativeTarget;
			buildConfigurationList = D4D31A7C2E1FFA6F005798DD /* Build configuration list for PBXNativeTarget "FileKittyTests" */;
			buildPhases = (
				D4D31A612E1FFA6F005798DD /* Sources */,
				D4D31A622E1FFA6F005798DD /* Frameworks */,
				D4D31A632E1FFA6F005798DD /* Resources */,
			);
			buildRules = (
			);
			dependencies = (
				D4D31A672E1FFA6F005798DD /* PBXTargetDependency */,
			);
			fileSystemSynchronizedGroups = (
				D4D31A682E1FFA6F005798DD /* FileKittyTests */,
			);
			name = FileKittyTests;
			packageProductDependencies = (
			);
			productName = FileKittyTests;
			productReference = D4D31A652E1FFA6F005798DD /* FileKittyTests.xctest */;
			productType = "com.apple.product-type.bundle.unit-test";
		};
		D4D31A6E2E1FFA6F005798DD /* FileKittyUITests */ = {
			isa = PBXNativeTarget;
			buildConfigurationList = D4D31A7F2E1FFA6F005798DD /* Build configuration list for PBXNativeTarget "FileKittyUITests" */;
			buildPhases = (
				D4D31A6B2E1FFA6F005798DD /* Sources */,
				D4D31A6C2E1FFA6F005798DD /* Frameworks */,
				D4D31A6D2E1FFA6F005798DD /* Resources */,
			);
			buildRules = (
			);
			dependencies = (
				D4D31A712E1FFA6F005798DD /* PBXTargetDependency */,
			);
			fileSystemSynchronizedGroups = (
				D4D31A722E1FFA6F005798DD /* FileKittyUITests */,
			);
			name = FileKittyUITests;
			packageProductDependencies = (
			);
			productName = FileKittyUITests;
			productReference = D4D31A6F2E1FFA6F005798DD /* FileKittyUITests.xctest */;
			productType = "com.apple.product-type.bundle.ui-testing";
		};
/* End PBXNativeTarget section */

/* Begin PBXProject section */
		D4D31A502E1FFA6D005798DD /* Project object */ = {
			isa = PBXProject;
			attributes = {
				BuildIndependentTargetsInParallel = 1;
				LastSwiftUpdateCheck = 2600;
				LastUpgradeCheck = 2600;
				TargetAttributes = {
					D4D31A572E1FFA6D005798DD = {
						CreatedOnToolsVersion = 26.0;
					};
					D4D31A642E1FFA6F005798DD = {
						CreatedOnToolsVersion = 26.0;
						TestTargetID = D4D31A572E1FFA6D005798DD;
					};
					D4D31A6E2E1FFA6F005798DD = {
						CreatedOnToolsVersion = 26.0;
						TestTargetID = D4D31A572E1FFA6D005798DD;
					};
				};
			};
			buildConfigurationList = D4D31A532E1FFA6D005798DD /* Build configuration list for PBXProject "FileKitty" */;
			developmentRegion = en;
			hasScannedForEncodings = 0;
			knownRegions = (
				en,
				Base,
			);
			mainGroup = D4D31A4F2E1FFA6D005798DD;
			minimizedProjectReferenceProxies = 1;
			preferredProjectObjectVersion = 77;
			productRefGroup = D4D31A592E1FFA6D005798DD /* Products */;
			projectDirPath = "";
			projectRoot = "";
			targets = (
				D4D31A572E1FFA6D005798DD /* FileKitty */,
				D4D31A642E1FFA6F005798DD /* FileKittyTests */,
				D4D31A6E2E1FFA6F005798DD /* FileKittyUITests */,
			);
		};
/* End PBXProject section */

/* Begin PBXResourcesBuildPhase section */
		D4D31A562E1FFA6D005798DD /* Resources */ = {
			isa = PBXResourcesBuildPhase;
			buildActionMask = 2147483647;
			files = (
			);
			runOnlyForDeploymentPostprocessing = 0;
		};
		D4D31A632E1FFA6F005798DD /* Resources */ = {
			isa = PBXResourcesBuildPhase;
			buildActionMask = 2147483647;
			files = (
			);
			runOnlyForDeploymentPostprocessing = 0;
		};
		D4D31A6D2E1FFA6F005798DD /* Resources */ = {
			isa = PBXResourcesBuildPhase;
			buildActionMask = 2147483647;
			files = (
			);
			runOnlyForDeploymentPostprocessing = 0;
		};
/* End PBXResourcesBuildPhase section */

/* Begin PBXSourcesBuildPhase section */
		D4D31A542E1FFA6D005798DD /* Sources */ = {
			isa = PBXSourcesBuildPhase;
			buildActionMask = 2147483647;
			files = (
			);
			runOnlyForDeploymentPostprocessing = 0;
		};
		D4D31A612E1FFA6F005798DD /* Sources */ = {
			isa = PBXSourcesBuildPhase;
			buildActionMask = 2147483647;
			files = (
			);
			runOnlyForDeploymentPostprocessing = 0;
		};
		D4D31A6B2E1FFA6F005798DD /* Sources */ = {
			isa = PBXSourcesBuildPhase;
			buildActionMask = 2147483647;
			files = (
			);
			runOnlyForDeploymentPostprocessing = 0;
		};
/* End PBXSourcesBuildPhase section */

/* Begin PBXTargetDependency section */
		D4D31A672E1FFA6F005798DD /* PBXTargetDependency */ = {
			isa = PBXTargetDependency;
			target = D4D31A572E1FFA6D005798DD /* FileKitty */;
			targetProxy = D4D31A662E1FFA6F005798DD /* PBXContainerItemProxy */;
		};
		D4D31A712E1FFA6F005798DD /* PBXTargetDependency */ = {
			isa = PBXTargetDependency;
			target = D4D31A572E1FFA6D005798DD /* FileKitty */;
			targetProxy = D4D31A702E1FFA6F005798DD /* PBXContainerItemProxy */;
		};
/* End PBXTargetDependency section */

/* Begin XCBuildConfiguration section */
		D4D31A772E1FFA6F005798DD /* Debug */ = {
			isa = XCBuildConfiguration;
			buildSettings = {
				ALWAYS_SEARCH_USER_PATHS = NO;
				ASSETCATALOG_COMPILER_GENERATE_SWIFT_ASSET_SYMBOL_EXTENSIONS = YES;
				CLANG_ANALYZER_NONNULL = YES;
				CLANG_ANALYZER_NUMBER_OBJECT_CONVERSION = YES_AGGRESSIVE;
				CLANG_CXX_LANGUAGE_STANDARD = "gnu++20";
				CLANG_ENABLE_MODULES = YES;
				CLANG_ENABLE_OBJC_ARC = YES;
				CLANG_ENABLE_OBJC_WEAK = YES;
				CLANG_WARN_BLOCK_CAPTURE_AUTORELEASING = YES;
				CLANG_WARN_BOOL_CONVERSION = YES;
				CLANG_WARN_COMMA = YES;
				CLANG_WARN_CONSTANT_CONVERSION = YES;
				CLANG_WARN_DEPRECATED_OBJC_IMPLEMENTATIONS = YES;
				CLANG_WARN_DIRECT_OBJC_ISA_USAGE = YES_ERROR;
				CLANG_WARN_DOCUMENTATION_COMMENTS = YES;
				CLANG_WARN_EMPTY_BODY = YES;
				CLANG_WARN_ENUM_CONVERSION = YES;
				CLANG_WARN_INFINITE_RECURSION = YES;
				CLANG_WARN_INT_CONVERSION = YES;
				CLANG_WARN_NON_LITERAL_NULL_CONVERSION = YES;
				CLANG_WARN_OBJC_IMPLICIT_RETAIN_SELF = YES;
				CLANG_WARN_OBJC_LITERAL_CONVERSION = YES;
				CLANG_WARN_OBJC_ROOT_CLASS = YES_ERROR;
				CLANG_WARN_QUOTED_INCLUDE_IN_FRAMEWORK_HEADER = YES;
				CLANG_WARN_RANGE_LOOP_ANALYSIS = YES;
				CLANG_WARN_STRICT_PROTOTYPES = YES;
				CLANG_WARN_SUSPICIOUS_MOVE = YES;
				CLANG_WARN_UNGUARDED_AVAILABILITY = YES_AGGRESSIVE;
				CLANG_WARN_UNREACHABLE_CODE = YES;
				CLANG_WARN__DUPLICATE_METHOD_MATCH = YES;
				COPY_PHASE_STRIP = NO;
				DEBUG_INFORMATION_FORMAT = dwarf;
				DEVELOPMENT_TEAM = J8P5B23FK7;
				ENABLE_STRICT_OBJC_MSGSEND = YES;
				ENABLE_TESTABILITY = YES;
				ENABLE_USER_SCRIPT_SANDBOXING = YES;
				GCC_C_LANGUAGE_STANDARD = gnu17;
				GCC_DYNAMIC_NO_PIC = NO;
				GCC_NO_COMMON_BLOCKS = YES;
				GCC_OPTIMIZATION_LEVEL = 0;
				GCC_PREPROCESSOR_DEFINITIONS = (
					"DEBUG=1",
					"$(inherited)",
				);
				GCC_WARN_64_TO_32_BIT_CONVERSION = YES;
				GCC_WARN_ABOUT_RETURN_TYPE = YES_ERROR;
				GCC_WARN_UNDECLARED_SELECTOR = YES;
				GCC_WARN_UNINITIALIZED_AUTOS = YES_AGGRESSIVE;
				GCC_WARN_UNUSED_FUNCTION = YES;
				GCC_WARN_UNUSED_VARIABLE = YES;
				LOCALIZATION_PREFERS_STRING_CATALOGS = YES;
				MACOSX_DEPLOYMENT_TARGET = 15.5;
				MTL_ENABLE_DEBUG_INFO = INCLUDE_SOURCE;
				MTL_FAST_MATH = YES;
				ONLY_ACTIVE_ARCH = YES;
				SDKROOT = macosx;
				SWIFT_ACTIVE_COMPILATION_CONDITIONS = "DEBUG $(inherited)";
				SWIFT_OPTIMIZATION_LEVEL = "-Onone";
			};
			name = Debug;
		};
		D4D31A782E1FFA6F005798DD /* Release */ = {
			isa = XCBuildConfiguration;
			buildSettings = {
				ALWAYS_SEARCH_USER_PATHS = NO;
				ASSETCATALOG_COMPILER_GENERATE_SWIFT_ASSET_SYMBOL_EXTENSIONS = YES;
				CLANG_ANALYZER_NONNULL = YES;
				CLANG_ANALYZER_NUMBER_OBJECT_CONVERSION = YES_AGGRESSIVE;
				CLANG_CXX_LANGUAGE_STANDARD = "gnu++20";
				CLANG_ENABLE_MODULES = YES;
				CLANG_ENABLE_OBJC_ARC = YES;
				CLANG_ENABLE_OBJC_WEAK = YES;
				CLANG_WARN_BLOCK_CAPTURE_AUTORELEASING = YES;
				CLANG_WARN_BOOL_CONVERSION = YES;
				CLANG_WARN_COMMA = YES;
				CLANG_WARN_CONSTANT_CONVERSION = YES;
				CLANG_WARN_DEPRECATED_OBJC_IMPLEMENTATIONS = YES;
				CLANG_WARN_DIRECT_OBJC_ISA_USAGE = YES_ERROR;
				CLANG_WARN_DOCUMENTATION_COMMENTS = YES;
				CLANG_WARN_EMPTY_BODY = YES;
				CLANG_WARN_ENUM_CONVERSION = YES;
				CLANG_WARN_INFINITE_RECURSION = YES;
				CLANG_WARN_INT_CONVERSION = YES;
				CLANG_WARN_NON_LITERAL_NULL_CONVERSION = YES;
				CLANG_WARN_OBJC_IMPLICIT_RETAIN_SELF = YES;
				CLANG_WARN_OBJC_LITERAL_CONVERSION = YES;
				CLANG_WARN_OBJC_ROOT_CLASS = YES_ERROR;
				CLANG_WARN_QUOTED_INCLUDE_IN_FRAMEWORK_HEADER = YES;
				CLANG_WARN_RANGE_LOOP_ANALYSIS = YES;
				CLANG_WARN_STRICT_PROTOTYPES = YES;
				CLANG_WARN_SUSPICIOUS_MOVE = YES;
				CLANG_WARN_UNGUARDED_AVAILABILITY = YES_AGGRESSIVE;
				CLANG_WARN_UNREACHABLE_CODE = YES;
				CLANG_WARN__DUPLICATE_METHOD_MATCH = YES;
				COPY_PHASE_STRIP = NO;
				DEBUG_INFORMATION_FORMAT = "dwarf-with-dsym";
				DEVELOPMENT_TEAM = J8P5B23FK7;
				ENABLE_NS_ASSERTIONS = NO;
				ENABLE_STRICT_OBJC_MSGSEND = YES;
				ENABLE_USER_SCRIPT_SANDBOXING = YES;
				GCC_C_LANGUAGE_STANDARD = gnu17;
				GCC_NO_COMMON_BLOCKS = YES;
				GCC_WARN_64_TO_32_BIT_CONVERSION = YES;
				GCC_WARN_ABOUT_RETURN_TYPE = YES_ERROR;
				GCC_WARN_UNDECLARED_SELECTOR = YES;
				GCC_WARN_UNINITIALIZED_AUTOS = YES_AGGRESSIVE;
				GCC_WARN_UNUSED_FUNCTION = YES;
				GCC_WARN_UNUSED_VARIABLE = YES;
				LOCALIZATION_PREFERS_STRING_CATALOGS = YES;
				MACOSX_DEPLOYMENT_TARGET = 15.5;
				MTL_ENABLE_DEBUG_INFO = NO;
				MTL_FAST_MATH = YES;
				SDKROOT = macosx;
				SWIFT_COMPILATION_MODE = wholemodule;
			};
			name = Release;
		};
		D4D31A7A2E1FFA6F005798DD /* Debug */ = {
			isa = XCBuildConfiguration;
			buildSettings = {
				ASSETCATALOG_COMPILER_APPICON_NAME = AppIcon;
				ASSETCATALOG_COMPILER_GLOBAL_ACCENT_COLOR_NAME = AccentColor;
				CODE_SIGN_STYLE = Automatic;
				COMBINE_HIDPI_IMAGES = YES;
				CURRENT_PROJECT_VERSION = 1;
				DEVELOPMENT_TEAM = J8P5B23FK7;
				ENABLE_APP_SANDBOX = YES;
				ENABLE_HARDENED_RUNTIME = YES;
				ENABLE_PREVIEWS = YES;
				ENABLE_USER_SELECTED_FILES = readonly;
				GENERATE_INFOPLIST_FILE = YES;
				INFOPLIST_KEY_NSHumanReadableCopyright = "";
				LD_RUNPATH_SEARCH_PATHS = (
					"$(inherited)",
					"@executable_path/../Frameworks",
				);
				MARKETING_VERSION = 1.0;
				PRODUCT_BUNDLE_IDENTIFIER = PeterPym.FileKitty;
				PRODUCT_NAME = "$(TARGET_NAME)";
				REGISTER_APP_GROUPS = YES;
				STRING_CATALOG_GENERATE_SYMBOLS = YES;
				SWIFT_DEFAULT_ACTOR_ISOLATION = MainActor;
				SWIFT_EMIT_LOC_STRINGS = YES;
				SWIFT_UPCOMING_FEATURE_MEMBER_IMPORT_VISIBILITY = YES;
				SWIFT_VERSION = 5.0;
			};
			name = Debug;
		};
		D4D31A7B2E1FFA6F005798DD /* Release */ = {
			isa = XCBuildConfiguration;
			buildSettings = {
				ASSETCATALOG_COMPILER_APPICON_NAME = AppIcon;
				ASSETCATALOG_COMPILER_GLOBAL_ACCENT_COLOR_NAME = AccentColor;
				CODE_SIGN_STYLE = Automatic;
				COMBINE_HIDPI_IMAGES = YES;
				CURRENT_PROJECT_VERSION = 1;
				DEVELOPMENT_TEAM = J8P5B23FK7;
				ENABLE_APP_SANDBOX = YES;
				ENABLE_HARDENED_RUNTIME = YES;
				ENABLE_PREVIEWS = YES;
				ENABLE_USER_SELECTED_FILES = readonly;
				GENERATE_INFOPLIST_FILE = YES;
				INFOPLIST_KEY_NSHumanReadableCopyright = "";
				LD_RUNPATH_SEARCH_PATHS = (
					"$(inherited)",
					"@executable_path/../Frameworks",
				);
				MARKETING_VERSION = 1.0;
				PRODUCT_BUNDLE_IDENTIFIER = PeterPym.FileKitty;
				PRODUCT_NAME = "$(TARGET_NAME)";
				REGISTER_APP_GROUPS = YES;
				STRING_CATALOG_GENERATE_SYMBOLS = YES;
				SWIFT_DEFAULT_ACTOR_ISOLATION = MainActor;
				SWIFT_EMIT_LOC_STRINGS = YES;
				SWIFT_UPCOMING_FEATURE_MEMBER_IMPORT_VISIBILITY = YES;
				SWIFT_VERSION = 5.0;
			};
			name = Release;
		};
		D4D31A7D2E1FFA6F005798DD /* Debug */ = {
			isa = XCBuildConfiguration;
			buildSettings = {
				BUNDLE_LOADER = "$(TEST_HOST)";
				CODE_SIGN_STYLE = Automatic;
				CURRENT_PROJECT_VERSION = 1;
				DEVELOPMENT_TEAM = J8P5B23FK7;
				GENERATE_INFOPLIST_FILE = YES;
				MACOSX_DEPLOYMENT_TARGET = 15.5;
				MARKETING_VERSION = 1.0;
				PRODUCT_BUNDLE_IDENTIFIER = PeterPym.FileKittyTests;
				PRODUCT_NAME = "$(TARGET_NAME)";
				STRING_CATALOG_GENERATE_SYMBOLS = NO;
				SWIFT_EMIT_LOC_STRINGS = NO;
				SWIFT_UPCOMING_FEATURE_MEMBER_IMPORT_VISIBILITY = YES;
				SWIFT_VERSION = 5.0;
				TEST_HOST = "$(BUILT_PRODUCTS_DIR)/FileKitty.app/$(BUNDLE_EXECUTABLE_FOLDER_PATH)/FileKitty";
			};
			name = Debug;
		};
		D4D31A7E2E1FFA6F005798DD /* Release */ = {
			isa = XCBuildConfiguration;
			buildSettings = {
				BUNDLE_LOADER = "$(TEST_HOST)";
				CODE_SIGN_STYLE = Automatic;
				CURRENT_PROJECT_VERSION = 1;
				DEVELOPMENT_TEAM = J8P5B23FK7;
				GENERATE_INFOPLIST_FILE = YES;
				MACOSX_DEPLOYMENT_TARGET = 15.5;
				MARKETING_VERSION = 1.0;
				PRODUCT_BUNDLE_IDENTIFIER = PeterPym.FileKittyTests;
				PRODUCT_NAME = "$(TARGET_NAME)";
				STRING_CATALOG_GENERATE_SYMBOLS = NO;
				SWIFT_EMIT_LOC_STRINGS = NO;
				SWIFT_UPCOMING_FEATURE_MEMBER_IMPORT_VISIBILITY = YES;
				SWIFT_VERSION = 5.0;
				TEST_HOST = "$(BUILT_PRODUCTS_DIR)/FileKitty.app/$(BUNDLE_EXECUTABLE_FOLDER_PATH)/FileKitty";
			};
			name = Release;
		};
		D4D31A802E1FFA6F005798DD /* Debug */ = {
			isa = XCBuildConfiguration;
			buildSettings = {
				CODE_SIGN_STYLE = Automatic;
				CURRENT_PROJECT_VERSION = 1;
				DEVELOPMENT_TEAM = J8P5B23FK7;
				GENERATE_INFOPLIST_FILE = YES;
				MARKETING_VERSION = 1.0;
				PRODUCT_BUNDLE_IDENTIFIER = PeterPym.FileKittyUITests;
				PRODUCT_NAME = "$(TARGET_NAME)";
				STRING_CATALOG_GENERATE_SYMBOLS = NO;
				SWIFT_EMIT_LOC_STRINGS = NO;
				SWIFT_UPCOMING_FEATURE_MEMBER_IMPORT_VISIBILITY = YES;
				SWIFT_VERSION = 5.0;
				TEST_TARGET_NAME = FileKitty;
			};
			name = Debug;
		};
		D4D31A812E1FFA6F005798DD /* Release */ = {
			isa = XCBuildConfiguration;
			buildSettings = {
				CODE_SIGN_STYLE = Automatic;
				CURRENT_PROJECT_VERSION = 1;
				DEVELOPMENT_TEAM = J8P5B23FK7;
				GENERATE_INFOPLIST_FILE = YES;
				MARKETING_VERSION = 1.0;
				PRODUCT_BUNDLE_IDENTIFIER = PeterPym.FileKittyUITests;
				PRODUCT_NAME = "$(TARGET_NAME)";
				STRING_CATALOG_GENERATE_SYMBOLS = NO;
				SWIFT_EMIT_LOC_STRINGS = NO;
				SWIFT_UPCOMING_FEATURE_MEMBER_IMPORT_VISIBILITY = YES;
				SWIFT_VERSION = 5.0;
				TEST_TARGET_NAME = FileKitty;
			};
			name = Release;
		};
/* End XCBuildConfiguration section */

/* Begin XCConfigurationList section */
		D4D31A532E1FFA6D005798DD /* Build configuration list for PBXProject "FileKitty" */ = {
			isa = XCConfigurationList;
			buildConfigurations = (
				D4D31A772E1FFA6F005798DD /* Debug */,
				D4D31A782E1FFA6F005798DD /* Release */,
			);
			defaultConfigurationIsVisible = 0;
			defaultConfigurationName = Release;
		};
		D4D31A792E1FFA6F005798DD /* Build configuration list for PBXNativeTarget "FileKitty" */ = {
			isa = XCConfigurationList;
			buildConfigurations = (
				D4D31A7A2E1FFA6F005798DD /* Debug */,
				D4D31A7B2E1FFA6F005798DD /* Release */,
			);
			defaultConfigurationIsVisible = 0;
			defaultConfigurationName = Release;
		};
		D4D31A7C2E1FFA6F005798DD /* Build configuration list for PBXNativeTarget "FileKittyTests" */ = {
			isa = XCConfigurationList;
			buildConfigurations = (
				D4D31A7D2E1FFA6F005798DD /* Debug */,
				D4D31A7E2E1FFA6F005798DD /* Release */,
			);
			defaultConfigurationIsVisible = 0;
			defaultConfigurationName = Release;
		};
		D4D31A7F2E1FFA6F005798DD /* Build configuration list for PBXNativeTarget "FileKittyUITests" */ = {
			isa = XCConfigurationList;
			buildConfigurations = (
				D4D31A802E1FFA6F005798DD /* Debug */,
				D4D31A812E1FFA6F005798DD /* Release */,
			);
			defaultConfigurationIsVisible = 0;
			defaultConfigurationName = Release;
		};
/* End XCConfigurationList section */
	};
	rootObject = D4D31A502E1FFA6D005798DD /* Project object */;
}
