# This file is automatically @generated by Poetry 1.8.2 and should not be changed by hand.

[[package]]
name = "altgraph"
version = "0.17.4"
description = "Python graph (network) package"
optional = false
python-versions = "*"
files = [
    {file = "altgraph-0.17.4-py2.py3-none-any.whl", hash = "sha256:642743b4750de17e655e6711601b077bc6598dbfa3ba5fa2b2a35ce12b508dff"},
    {file = "altgraph-0.17.4.tar.gz", hash = "sha256:1b5afbb98f6c4dcadb2e2ae6ab9fa994bbb8c1d75f4fa96d340f9437ae454406"},
]

[[package]]
name = "macholib"
version = "1.16.3"
description = "Mach-O header analysis and editing"
optional = false
python-versions = "*"
files = [
    {file = "macholib-1.16.3-py2.py3-none-any.whl", hash = "sha256:0e315d7583d38b8c77e815b1ecbdbf504a8258d8b3e17b61165c6feb60d18f2c"},
    {file = "macholib-1.16.3.tar.gz", hash = "sha256:07ae9e15e8e4cd9a788013d81f5908b3609aa76f9b1421bae9c4d7606ec86a30"},
]

[package.dependencies]
altgraph = ">=0.17"

[[package]]
name = "modulegraph"
version = "0.19.6"
description = "Python module dependency analysis tool"
optional = false
python-versions = "*"
files = [
    {file = "modulegraph-0.19.6-py2.py3-none-any.whl", hash = "sha256:5443e6d93c0b263f4ea309e2ff01312eef7c424dd51981a1e78e960c90e572b8"},
    {file = "modulegraph-0.19.6.tar.gz", hash = "sha256:c914c8c95a0e10fe88505d4e9c2284b4e3dbc70943e306cc6567e36cc541bf4b"},
]

[package.dependencies]
altgraph = ">=0.15"
setuptools = "*"

[[package]]
name = "py2app"
version = "0.28.7"
description = "Create standalone Mac OS X applications with Python"
optional = false
python-versions = "*"
files = [
    {file = "py2app-0.28.7-py2.py3-none-any.whl", hash = "sha256:7e802adc3e5dcf0621c01272b56a56e177c59b28b4b5c989537e37fd77f3a660"},
    {file = "py2app-0.28.7.tar.gz", hash = "sha256:6d74a97b0f0ec92999b6251a255ae37a18d0ae89939e72dbb6d9d7dae06a5e10"},
]

[package.dependencies]
altgraph = ">=0.17.3"
macholib = ">=1.16.2"
modulegraph = ">=0.19.6"

[[package]]
name = "pyqt5"
version = "5.15.10"
description = "Python bindings for the Qt cross platform application toolkit"
optional = false
python-versions = ">=3.7"
files = [
    {file = "PyQt5-5.15.10-cp37-abi3-macosx_10_13_x86_64.whl", hash = "sha256:93288d62ebd47b1933d80c27f5d43c7c435307b84d480af689cef2474e87e4c8"},
    {file = "PyQt5-5.15.10-cp37-abi3-macosx_11_0_arm64.whl", hash = "sha256:862cea3be95b4b0a2b9678003b3a18edf7bd5eafd673860f58820f246d4bf616"},
    {file = "PyQt5-5.15.10-cp37-abi3-manylinux_2_17_x86_64.whl", hash = "sha256:b89478d16d4118664ff58ed609e0a804d002703c9420118de7e4e70fa1cb5486"},
    {file = "PyQt5-5.15.10-cp37-abi3-win32.whl", hash = "sha256:ff99b4f91aa8eb60510d5889faad07116d3340041916e46c07d519f7cad344e1"},
    {file = "PyQt5-5.15.10-cp37-abi3-win_amd64.whl", hash = "sha256:501355f327e9a2c38db0428e1a236d25ebcb99304cd6e668c05d1188d514adec"},
    {file = "PyQt5-5.15.10.tar.gz", hash = "sha256:d46b7804b1b10a4ff91753f8113e5b5580d2b4462f3226288e2d84497334898a"},
]

[package.dependencies]
PyQt5-Qt5 = ">=5.15.2"
PyQt5-sip = ">=12.13,<13"

[[package]]
name = "pyqt5-qt5"
version = "5.15.13"
description = "The subset of a Qt installation needed by PyQt5."
optional = false
python-versions = "*"
files = [
    {file = "PyQt5_Qt5-5.15.13-py3-none-macosx_10_13_x86_64.whl", hash = "sha256:92575a9e96a27c4ed67c56c7048ded7461a1655d5d21f0e05064664e6e9fcbdf"},
    {file = "PyQt5_Qt5-5.15.13-py3-none-macosx_11_0_arm64.whl", hash = "sha256:141859f2ffe04cc6c5db970e2b6ad9f98897805d886a14c52614e3799daab6d6"},
]

[[package]]
name = "pyqt5-sip"
version = "12.13.0"
description = "The sip module support for PyQt5"
optional = false
python-versions = ">=3.7"
files = [
    {file = "PyQt5_sip-12.13.0-cp310-cp310-macosx_10_9_universal2.whl", hash = "sha256:a7e3623b2c743753625c4650ec7696362a37fb36433b61824cf257f6d3d43cca"},
    {file = "PyQt5_sip-12.13.0-cp310-cp310-manylinux_2_5_x86_64.manylinux1_x86_64.whl", hash = "sha256:6e4ac714252370ca037c7d609da92388057165edd4f94e63354f6d65c3ed9d53"},
    {file = "PyQt5_sip-12.13.0-cp310-cp310-win32.whl", hash = "sha256:d5032da3fff62da055104926ffe76fd6044c1221f8ad35bb60804bcb422fe866"},
    {file = "PyQt5_sip-12.13.0-cp310-cp310-win_amd64.whl", hash = "sha256:9a8cdd6cb66adcbe5c941723ed1544eba05cf19b6c961851b58ccdae1c894afb"},
    {file = "PyQt5_sip-12.13.0-cp311-cp311-macosx_10_9_universal2.whl", hash = "sha256:0f85fb633a522f04e48008de49dce1ff1d947011b48885b8428838973fbca412"},
    {file = "PyQt5_sip-12.13.0-cp311-cp311-manylinux_2_5_x86_64.manylinux1_x86_64.whl", hash = "sha256:ec60162e034c42fb99859206d62b83b74f987d58937b3a82bdc07b5c3d190dec"},
    {file = "PyQt5_sip-12.13.0-cp311-cp311-win32.whl", hash = "sha256:205cd449d08a2b024a468fb6100cd7ed03e946b4f49706f508944006f955ae1a"},
    {file = "PyQt5_sip-12.13.0-cp311-cp311-win_amd64.whl", hash = "sha256:1c8371682f77852256f1f2d38c41e2e684029f43330f0635870895ab01c02f6c"},
    {file = "PyQt5_sip-12.13.0-cp312-cp312-macosx_10_9_universal2.whl", hash = "sha256:7fe3375b508c5bc657d73b9896bba8a768791f1f426c68053311b046bcebdddf"},
    {file = "PyQt5_sip-12.13.0-cp312-cp312-manylinux_2_5_x86_64.manylinux1_x86_64.whl", hash = "sha256:773731b1b5ab1a7cf5621249f2379c95e3d2905e9bd96ff3611b119586daa876"},
    {file = "PyQt5_sip-12.13.0-cp312-cp312-win32.whl", hash = "sha256:fb4a5271fa3f6bc2feb303269a837a95a6d8dd16be553aa40e530de7fb81bfdf"},
    {file = "PyQt5_sip-12.13.0-cp312-cp312-win_amd64.whl", hash = "sha256:3a4498f3b1b15f43f5d12963accdce0fd652b0bcaae6baf8008663365827444c"},
    {file = "PyQt5_sip-12.13.0-cp38-cp38-macosx_10_9_x86_64.whl", hash = "sha256:9b984c2620a7a7eaf049221b09ae50a345317add2624c706c7d2e9e6632a9587"},
    {file = "PyQt5_sip-12.13.0-cp38-cp38-manylinux_2_5_x86_64.manylinux1_x86_64.whl", hash = "sha256:3188a06956aef86f604fb0d14421a110fad70d2a9e943dbacbfc3303f651dade"},
    {file = "PyQt5_sip-12.13.0-cp38-cp38-win32.whl", hash = "sha256:108a15f603e1886988c4b0d9d41cb74c9f9815bf05cefc843d559e8c298a10ce"},
    {file = "PyQt5_sip-12.13.0-cp38-cp38-win_amd64.whl", hash = "sha256:db228cd737f5cbfc66a3c3e50042140cb80b30b52edc5756dbbaa2346ec73137"},
    {file = "PyQt5_sip-12.13.0-cp39-cp39-macosx_10_9_universal2.whl", hash = "sha256:5338773bbaedaa4f16a73c142fb23cc18c327be6c338813af70260b756c7bc92"},
    {file = "PyQt5_sip-12.13.0-cp39-cp39-manylinux_2_5_x86_64.manylinux1_x86_64.whl", hash = "sha256:29fa9cc964517c9fc3f94f072b9a2aeef4e7a2eda1879cb835d9e06971161cdf"},
    {file = "PyQt5_sip-12.13.0-cp39-cp39-win32.whl", hash = "sha256:96414c93f3d33963887cf562d50d88b955121fbfd73f937c8eca46643e77bf61"},
    {file = "PyQt5_sip-12.13.0-cp39-cp39-win_amd64.whl", hash = "sha256:bbc7cd498bf19e0862097be1ad2243e824dea56726f00c11cff1b547c2d31d01"},
    {file = "PyQt5_sip-12.13.0.tar.gz", hash = "sha256:7f321daf84b9c9dbca61b80e1ef37bdaffc0e93312edae2cd7da25b953971d91"},
]

[[package]]
name = "setuptools"
version = "69.5.1"
description = "Easily download, build, install, upgrade, and uninstall Python packages"
optional = false
python-versions = ">=3.8"
files = [
    {file = "setuptools-69.5.1-py3-none-any.whl", hash = "sha256:c636ac361bc47580504644275c9ad802c50415c7522212252c033bd15f301f32"},
    {file = "setuptools-69.5.1.tar.gz", hash = "sha256:6c1fccdac05a97e598fb0ae3bbed5904ccb317337a51139dcd51453611bbb987"},
]

[package.extras]
docs = ["furo", "jaraco.packaging (>=9.3)", "jaraco.tidelift (>=1.4)", "pygments-github-lexers (==0.0.5)", "rst.linker (>=1.9)", "sphinx (>=3.5)", "sphinx-favicon", "sphinx-inline-tabs", "sphinx-lint", "sphinx-notfound-page (>=1,<2)", "sphinx-reredirects", "sphinxcontrib-towncrier"]
testing = ["build[virtualenv]", "filelock (>=3.4.0)", "importlib-metadata", "ini2toml[lite] (>=0.9)", "jaraco.develop (>=7.21)", "jaraco.envs (>=2.2)", "jaraco.path (>=3.2.0)", "mypy (==1.9)", "packaging (>=23.2)", "pip (>=19.1)", "pytest (>=6,!=8.1.1)", "pytest-checkdocs (>=2.4)", "pytest-cov", "pytest-enabler (>=2.2)", "pytest-home (>=0.5)", "pytest-mypy", "pytest-perf", "pytest-ruff (>=0.2.1)", "pytest-timeout", "pytest-xdist (>=3)", "tomli", "tomli-w (>=1.0.0)", "virtualenv (>=13.0.0)", "wheel"]
testing-integration = ["build[virtualenv] (>=1.0.3)", "filelock (>=3.4.0)", "jaraco.envs (>=2.2)", "jaraco.path (>=3.2.0)", "packaging (>=23.2)", "pytest", "pytest-enabler", "pytest-xdist", "tomli", "virtualenv (>=13.0.0)", "wheel"]

[metadata]
lock-version = "2.0"
python-versions = "^3.12"
content-hash = "2252ce0c62de253eb825d0b3f4f49574a92d7f39fe3d734ecf28df6f305a70ce"
